
Microsoft Visual Studio Solution File, Format Version 12.00
# Visual Studio Version 16
VisualStudioVersion = 16.0.30225.117
MinimumVisualStudioVersion = 10.0.40219.1
Project("{FAE04EC0-301F-11D3-BF4B-00C04F79EFBC}") = "AdminPanel", "AdminPanel\AdminPanel.csproj", "{555C85E7-6CBE-4AA8-830B-206A7A395452}"
EndProject
Global
	GlobalSection(SolutionConfigurationPlatforms) = preSolution
		Debug|Any CPU = Debug|Any CPU
		Release|Any CPU = Release|Any CPU
	EndGlobalSection
	GlobalSection(ProjectConfigurationPlatforms) = postSolution
		{555C85E7-6CBE-4AA8-830B-206A7A395452}.Debug|Any CPU.ActiveCfg = Debug|Any CPU
		{555C85E7-6CBE-4AA8-830B-206A7A395452}.Debug|Any CPU.Build.0 = Debug|Any CPU
		{555C85E7-6CBE-4AA8-830B-206A7A395452}.Release|Any CPU.ActiveCfg = Release|Any CPU
		{555C85E7-6CBE-4AA8-830B-206A7A395452}.Release|Any CPU.Build.0 = Release|Any CPU
	EndGlobalSection
	GlobalSection(SolutionProperties) = preSolution
		HideSolutionNode = FALSE
	EndGlobalSection
	GlobalSection(ExtensibilityGlobals) = postSolution
		SolutionGuid = {0725F5A9-06C0-476C-A6CF-80AFC611032F}
	EndGlobalSection
EndGlobal
